
Microsoft Visual Studio Solution File, Format Version 12.00
# Visual Studio Version 17
VisualStudioVersion = 17.7.34202.233
MinimumVisualStudioVersion = 10.0.40219.1
Project("{8BC9CEB8-8B4A-11D0-8D11-00A0C91BC942}") = "kiemtra_mang_cotoan_sochan_khong", "kiemtra_mang_cotoan_sochan_khong\kiemtra_mang_cotoan_sochan_khong.vcxproj", "{65742DAA-FA29-435D-80E8-225CE96E3830}"
EndProject
Global
	GlobalSection(SolutionConfigurationPlatforms) = preSolution
		Debug|x64 = Debug|x64
		Debug|x86 = Debug|x86
		Release|x64 = Release|x64
		Release|x86 = Release|x86
	EndGlobalSection
	GlobalSection(ProjectConfigurationPlatforms) = postSolution
		{65742DAA-FA29-435D-80E8-225CE96E3830}.Debug|x64.ActiveCfg = Debug|x64
		{65742DAA-FA29-435D-80E8-225CE96E3830}.Debug|x64.Build.0 = Debug|x64
		{65742DAA-FA29-435D-80E8-225CE96E3830}.Debug|x86.ActiveCfg = Debug|Win32
		{65742DAA-FA29-435D-80E8-225CE96E3830}.Debug|x86.Build.0 = Debug|Win32
		{65742DAA-FA29-435D-80E8-225CE96E3830}.Release|x64.ActiveCfg = Release|x64
		{65742DAA-FA29-435D-80E8-225CE96E3830}.Release|x64.Build.0 = Release|x64
		{65742DAA-FA29-435D-80E8-225CE96E3830}.Release|x86.ActiveCfg = Release|Win32
		{65742DAA-FA29-435D-80E8-225CE96E3830}.Release|x86.Build.0 = Release|Win32
	EndGlobalSection
	GlobalSection(SolutionProperties) = preSolution
		HideSolutionNode = FALSE
	EndGlobalSection
	GlobalSection(ExtensibilityGlobals) = postSolution
		SolutionGuid = {6874C635-F093-4AC1-880F-6717BBF70402}
	EndGlobalSection
EndGlobal
